// !$*UTF8*$!
{
	archiveVersion = 1;
	classes = {
	};
	objectVersion = 50;
	objects = {

/* Begin PBXBuildFile section */
		8080B0AF21EF2752004A957E /* LocationVC.swift in Sources */ = {isa = PBXBuildFile; fileRef = 8080B0AE21EF2752004A957E /* LocationVC.swift */; };
		80CE103E218CD51F00683FF8 /* AppDelegate.swift in Sources */ = {isa = PBXBuildFile; fileRef = 80CE103D218CD51F00683FF8 /* AppDelegate.swift */; };
		80CE1040218CD51F00683FF8 /* RunVC.swift in Sources */ = {isa = PBXBuildFile; fileRef = 80CE103F218CD51F00683FF8 /* RunVC.swift */; };
		80CE1042218CD51F00683FF8 /* LogVC.swift in Sources */ = {isa = PBXBuildFile; fileRef = 80CE1041218CD51F00683FF8 /* LogVC.swift */; };
		80CE1045218CD51F00683FF8 /* Main.storyboard in Resources */ = {isa = PBXBuildFile; fileRef = 80CE1043218CD51F00683FF8 /* Main.storyboard */; };
		80CE1047218CD52300683FF8 /* Assets.xcassets in Resources */ = {isa = PBXBuildFile; fileRef = 80CE1046218CD52300683FF8 /* Assets.xcassets */; };
		80CE104A218CD52300683FF8 /* LaunchScreen.storyboard in Resources */ = {isa = PBXBuildFile; fileRef = 80CE1048218CD52300683FF8 /* LaunchScreen.storyboard */; };
/* End PBXBuildFile section */

/* Begin PBXFileReference section */
		8080B0AE21EF2752004A957E /* LocationVC.swift */ = {isa = PBXFileReference; lastKnownFileType = sourcecode.swift; path = LocationVC.swift; sourceTree = "<group>"; };
		80CE103A218CD51F00683FF8 /* Sprint Treads.app */ = {isa = PBXFileReference; explicitFileType = wrapper.application; includeInIndex = 0; path = "Sprint Treads.app"; sourceTree = BUILT_PRODUCTS_DIR; };
		80CE103D218CD51F00683FF8 /* AppDelegate.swift */ = {isa = PBXFileReference; lastKnownFileType = sourcecode.swift; path = AppDelegate.swift; sourceTree = "<group>"; };
		80CE103F218CD51F00683FF8 /* RunVC.swift */ = {isa = PBXFileReference; lastKnownFileType = sourcecode.swift; path = RunVC.swift; sourceTree = "<group>"; };
		80CE1041218CD51F00683FF8 /* LogVC.swift */ = {isa = PBXFileReference; lastKnownFileType = sourcecode.swift; path = LogVC.swift; sourceTree = "<group>"; };
		80CE1044218CD51F00683FF8 /* Base */ = {isa = PBXFileReference; lastKnownFileType = file.storyboard; name = Base; path = Base.lproj/Main.storyboard; sourceTree = "<group>"; };
		80CE1046218CD52300683FF8 /* Assets.xcassets */ = {isa = PBXFileReference; lastKnownFileType = folder.assetcatalog; path = Assets.xcassets; sourceTree = "<group>"; };
		80CE1049218CD52300683FF8 /* Base */ = {isa = PBXFileReference; lastKnownFileType = file.storyboard; name = Base; path = Base.lproj/LaunchScreen.storyboard; sourceTree = "<group>"; };
		80CE104B218CD52300683FF8 /* Info.plist */ = {isa = PBXFileReference; lastKnownFileType = text.plist.xml; path = Info.plist; sourceTree = "<group>"; };
/* End PBXFileReference section */

/* Begin PBXFrameworksBuildPhase section */
		80CE1037218CD51F00683FF8 /* Frameworks */ = {
			isa = PBXFrameworksBuildPhase;
			buildActionMask = 2147483647;
			files = (
			);
			runOnlyForDeploymentPostprocessing = 0;
		};
/* End PBXFrameworksBuildPhase section */

/* Begin PBXGroup section */
		8093EE4F21EE529C00301D10 /* Resources */ = {
			isa = PBXGroup;
			children = (
			);
			path = Resources;
			sourceTree = "<group>";
		};
		80CE1031218CD51F00683FF8 = {
			isa = PBXGroup;
			children = (
				80CE103C218CD51F00683FF8 /* Sprint Treads */,
				80CE103B218CD51F00683FF8 /* Products */,
			);
			sourceTree = "<group>";
		};
		80CE103B218CD51F00683FF8 /* Products */ = {
			isa = PBXGroup;
			children = (
				80CE103A218CD51F00683FF8 /* Sprint Treads.app */,
			);
			name = Products;
			sourceTree = "<group>";
		};
		80CE103C218CD51F00683FF8 /* Sprint Treads */ = {
			isa = PBXGroup;
			children = (
				8093EE4F21EE529C00301D10 /* Resources */,
				80CE1056218CD95A00683FF8 /* Utilities */,
				80CE1055218CD94700683FF8 /* Extensions */,
				80CE1054218CD93F00683FF8 /* Controller */,
				80CE1053218CD93800683FF8 /* View */,
				80CE1052218CD92A00683FF8 /* Model */,
				80CE103D218CD51F00683FF8 /* AppDelegate.swift */,
				80CE1043218CD51F00683FF8 /* Main.storyboard */,
				80CE1046218CD52300683FF8 /* Assets.xcassets */,
				80CE1048218CD52300683FF8 /* LaunchScreen.storyboard */,
				80CE104B218CD52300683FF8 /* Info.plist */,
			);
			path = "Sprint Treads";
			sourceTree = "<group>";
		};
		80CE1052218CD92A00683FF8 /* Model */ = {
			isa = PBXGroup;
			children = (
			);
			path = Model;
			sourceTree = "<group>";
		};
		80CE1053218CD93800683FF8 /* View */ = {
			isa = PBXGroup;
			children = (
			);
			path = View;
			sourceTree = "<group>";
		};
		80CE1054218CD93F00683FF8 /* Controller */ = {
			isa = PBXGroup;
			children = (
				80CE1041218CD51F00683FF8 /* LogVC.swift */,
				80CE103F218CD51F00683FF8 /* RunVC.swift */,
				8080B0AE21EF2752004A957E /* LocationVC.swift */,
			);
			path = Controller;
			sourceTree = "<group>";
		};
		80CE1055218CD94700683FF8 /* Extensions */ = {
			isa = PBXGroup;
			children = (
			);
			path = Extensions;
			sourceTree = "<group>";
		};
		80CE1056218CD95A00683FF8 /* Utilities */ = {
			isa = PBXGroup;
			children = (
			);
			path = Utilities;
			sourceTree = "<group>";
		};
/* End PBXGroup section */

/* Begin PBXNativeTarget section */
		80CE1039218CD51F00683FF8 /* Sprint Treads */ = {
			isa = PBXNativeTarget;
			buildConfigurationList = 80CE104E218CD52300683FF8 /* Build configuration list for PBXNativeTarget "Sprint Treads" */;
			buildPhases = (
				80CE1036218CD51F00683FF8 /* Sources */,
				80CE1037218CD51F00683FF8 /* Frameworks */,
				80CE1038218CD51F00683FF8 /* Resources */,
			);
			buildRules = (
			);
			dependencies = (
			);
			name = "Sprint Treads";
			productName = "Sprint Treads";
			productReference = 80CE103A218CD51F00683FF8 /* Sprint Treads.app */;
			productType = "com.apple.product-type.application";
		};
/* End PBXNativeTarget section */

/* Begin PBXProject section */
		80CE1032218CD51F00683FF8 /* Project object */ = {
			isa = PBXProject;
			attributes = {
				LastSwiftUpdateCheck = 1000;
				LastUpgradeCheck = 1000;
				ORGANIZATIONNAME = "Vivek Rai";
				TargetAttributes = {
					80CE1039218CD51F00683FF8 = {
						CreatedOnToolsVersion = 10.0;
					};
				};
			};
			buildConfigurationList = 80CE1035218CD51F00683FF8 /* Build configuration list for PBXProject "Sprint Treads" */;
			compatibilityVersion = "Xcode 9.3";
			developmentRegion = en;
			hasScannedForEncodings = 0;
			knownRegions = (
				en,
				Base,
			);
			mainGroup = 80CE1031218CD51F00683FF8;
			productRefGroup = 80CE103B218CD51F00683FF8 /* Products */;
			projectDirPath = "";
			projectRoot = "";
			targets = (
				80CE1039218CD51F00683FF8 /* Sprint Treads */,
			);
		};
/* End PBXProject section */

/* Begin PBXResourcesBuildPhase section */
		80CE1038218CD51F00683FF8 /* Resources */ = {
			isa = PBXResourcesBuildPhase;
			buildActionMask = 2147483647;
			files = (
				80CE104A218CD52300683FF8 /* LaunchScreen.storyboard in Resources */,
				80CE1047218CD52300683FF8 /* Assets.xcassets in Resources */,
				80CE1045218CD51F00683FF8 /* Main.storyboard in Resources */,
			);
			runOnlyForDeploymentPostprocessing = 0;
		};
/* End PBXResourcesBuildPhase section */

/* Begin PBXSourcesBuildPhase section */
		80CE1036218CD51F00683FF8 /* Sources */ = {
			isa = PBXSourcesBuildPhase;
			buildActionMask = 2147483647;
			files = (
				80CE1042218CD51F00683FF8 /* LogVC.swift in Sources */,
				8080B0AF21EF2752004A957E /* LocationVC.swift in Sources */,
				80CE103E218CD51F00683FF8 /* AppDelegate.swift in Sources */,
				80CE1040218CD51F00683FF8 /* RunVC.swift in Sources */,
			);
			runOnlyForDeploymentPostprocessing = 0;
		};
/* End PBXSourcesBuildPhase section */

/* Begin PBXVariantGroup section */
		80CE1043218CD51F00683FF8 /* Main.storyboard */ = {
			isa = PBXVariantGroup;
			children = (
				80CE1044218CD51F00683FF8 /* Base */,
			);
			name = Main.storyboard;
			sourceTree = "<group>";
		};
		80CE1048218CD52300683FF8 /* LaunchScreen.storyboard */ = {
			isa = PBXVariantGroup;
			children = (
				80CE1049218CD52300683FF8 /* Base */,
			);
			name = LaunchScreen.storyboard;
			sourceTree = "<group>";
		};
/* End PBXVariantGroup section */

/* Begin XCBuildConfiguration section */
		80CE104C218CD52300683FF8 /* Debug */ = {
			isa = XCBuildConfiguration;
			buildSettings = {
				ALWAYS_SEARCH_USER_PATHS = NO;
				CLANG_ANALYZER_NONNULL = YES;
				CLANG_ANALYZER_NUMBER_OBJECT_CONVERSION = YES_AGGRESSIVE;
				CLANG_CXX_LANGUAGE_STANDARD = "gnu++14";
				CLANG_CXX_LIBRARY = "libc++";
				CLANG_ENABLE_MODULES = YES;
				CLANG_ENABLE_OBJC_ARC = YES;
				CLANG_ENABLE_OBJC_WEAK = YES;
				CLANG_WARN_BLOCK_CAPTURE_AUTORELEASING = YES;
				CLANG_WARN_BOOL_CONVERSION = YES;
				CLANG_WARN_COMMA = YES;
				CLANG_WARN_CONSTANT_CONVERSION = YES;
				CLANG_WARN_DEPRECATED_OBJC_IMPLEMENTATIONS = YES;
				CLANG_WARN_DIRECT_OBJC_ISA_USAGE = YES_ERROR;
				CLANG_WARN_DOCUMENTATION_COMMENTS = YES;
				CLANG_WARN_EMPTY_BODY = YES;
				CLANG_WARN_ENUM_CONVERSION = YES;
				CLANG_WARN_INFINITE_RECURSION = YES;
				CLANG_WARN_INT_CONVERSION = YES;
				CLANG_WARN_NON_LITERAL_NULL_CONVERSION = YES;
				CLANG_WARN_OBJC_IMPLICIT_RETAIN_SELF = YES;
				CLANG_WARN_OBJC_LITERAL_CONVERSION = YES;
				CLANG_WARN_OBJC_ROOT_CLASS = YES_ERROR;
				CLANG_WARN_RANGE_LOOP_ANALYSIS = YES;
				CLANG_WARN_STRICT_PROTOTYPES = YES;
				CLANG_WARN_SUSPICIOUS_MOVE = YES;
				CLANG_WARN_UNGUARDED_AVAILABILITY = YES_AGGRESSIVE;
				CLANG_WARN_UNREACHABLE_CODE = YES;
				CLANG_WARN__DUPLICATE_METHOD_MATCH = YES;
				CODE_SIGN_IDENTITY = "iPhone Developer";
				COPY_PHASE_STRIP = NO;
				DEBUG_INFORMATION_FORMAT = dwarf;
				ENABLE_STRICT_OBJC_MSGSEND = YES;
				ENABLE_TESTABILITY = YES;
				GCC_C_LANGUAGE_STANDARD = gnu11;
				GCC_DYNAMIC_NO_PIC = NO;
				GCC_NO_COMMON_BLOCKS = YES;
				GCC_OPTIMIZATION_LEVEL = 0;
				GCC_PREPROCESSOR_DEFINITIONS = (
					"DEBUG=1",
					"$(inherited)",
				);
				GCC_WARN_64_TO_32_BIT_CONVERSION = YES;
				GCC_WARN_ABOUT_RETURN_TYPE = YES_ERROR;
				GCC_WARN_UNDECLARED_SELECTOR = YES;
				GCC_WARN_UNINITIALIZED_AUTOS = YES_AGGRESSIVE;
				GCC_WARN_UNUSED_FUNCTION = YES;
				GCC_WARN_UNUSED_VARIABLE = YES;
				IPHONEOS_DEPLOYMENT_TARGET = 12.0;
				MTL_ENABLE_DEBUG_INFO = INCLUDE_SOURCE;
				MTL_FAST_MATH = YES;
				ONLY_ACTIVE_ARCH = YES;
				SDKROOT = iphoneos;
				SWIFT_ACTIVE_COMPILATION_CONDITIONS = DEBUG;
				SWIFT_OPTIMIZATION_LEVEL = "-Onone";
			};
			name = Debug;
		};
		80CE104D218CD52300683FF8 /* Release */ = {
			isa = XCBuildConfiguration;
			buildSettings = {
				ALWAYS_SEARCH_USER_PATHS = NO;
				CLANG_ANALYZER_NONNULL = YES;
				CLANG_ANALYZER_NUMBER_OBJECT_CONVERSION = YES_AGGRESSIVE;
				CLANG_CXX_LANGUAGE_STANDARD = "gnu++14";
				CLANG_CXX_LIBRARY = "libc++";
				CLANG_ENABLE_MODULES = YES;
				CLANG_ENABLE_OBJC_ARC = YES;
				CLANG_ENABLE_OBJC_WEAK = YES;
				CLANG_WARN_BLOCK_CAPTURE_AUTORELEASING = YES;
				CLANG_WARN_BOOL_CONVERSION = YES;
				CLANG_WARN_COMMA = YES;
				CLANG_WARN_CONSTANT_CONVERSION = YES;
				CLANG_WARN_DEPRECATED_OBJC_IMPLEMENTATIONS = YES;
				CLANG_WARN_DIRECT_OBJC_ISA_USAGE = YES_ERROR;
				CLANG_WARN_DOCUMENTATION_COMMENTS = YES;
				CLANG_WARN_EMPTY_BODY = YES;
				CLANG_WARN_ENUM_CONVERSION = YES;
				CLANG_WARN_INFINITE_RECURSION = YES;
				CLANG_WARN_INT_CONVERSION = YES;
				CLANG_WARN_NON_LITERAL_NULL_CONVERSION = YES;
				CLANG_WARN_OBJC_IMPLICIT_RETAIN_SELF = YES;
				CLANG_WARN_OBJC_LITERAL_CONVERSION = YES;
				CLANG_WARN_OBJC_ROOT_CLASS = YES_ERROR;
				CLANG_WARN_RANGE_LOOP_ANALYSIS = YES;
				CLANG_WARN_STRICT_PROTOTYPES = YES;
				CLANG_WARN_SUSPICIOUS_MOVE = YES;
				CLANG_WARN_UNGUARDED_AVAILABILITY = YES_AGGRESSIVE;
				CLANG_WARN_UNREACHABLE_CODE = YES;
				CLANG_WARN__DUPLICATE_METHOD_MATCH = YES;
				CODE_SIGN_IDENTITY = "iPhone Developer";
				COPY_PHASE_STRIP = NO;
				DEBUG_INFORMATION_FORMAT = "dwarf-with-dsym";
				ENABLE_NS_ASSERTIONS = NO;
				ENABLE_STRICT_OBJC_MSGSEND = YES;
				GCC_C_LANGUAGE_STANDARD = gnu11;
				GCC_NO_COMMON_BLOCKS = YES;
				GCC_WARN_64_TO_32_BIT_CONVERSION = YES;
				GCC_WARN_ABOUT_RETURN_TYPE = YES_ERROR;
				GCC_WARN_UNDECLARED_SELECTOR = YES;
				GCC_WARN_UNINITIALIZED_AUTOS = YES_AGGRESSIVE;
				GCC_WARN_UNUSED_FUNCTION = YES;
				GCC_WARN_UNUSED_VARIABLE = YES;
				IPHONEOS_DEPLOYMENT_TARGET = 12.0;
				MTL_ENABLE_DEBUG_INFO = NO;
				MTL_FAST_MATH = YES;
				SDKROOT = iphoneos;
				SWIFT_COMPILATION_MODE = wholemodule;
				SWIFT_OPTIMIZATION_LEVEL = "-O";
				VALIDATE_PRODUCT = YES;
			};
			name = Release;
		};
		80CE104F218CD52300683FF8 /* Debug */ = {
			isa = XCBuildConfiguration;
			buildSettings = {
				ASSETCATALOG_COMPILER_APPICON_NAME = AppIcon;
				CODE_SIGN_STYLE = Automatic;
				DEVELOPMENT_TEAM = X9VVW4ZPQS;
				INFOPLIST_FILE = "Sprint Treads/Info.plist";
				LD_RUNPATH_SEARCH_PATHS = (
					"$(inherited)",
					"@executable_path/Frameworks",
				);
				PRODUCT_BUNDLE_IDENTIFIER = "com.vivekraisprinttreads.vivekrai.Sprint-Treads";
				PRODUCT_NAME = "$(TARGET_NAME)";
				SWIFT_VERSION = 4.2;
				TARGETED_DEVICE_FAMILY = "1,2";
			};
			name = Debug;
		};
		80CE1050218CD52300683FF8 /* Release */ = {
			isa = XCBuildConfiguration;
			buildSettings = {
				ASSETCATALOG_COMPILER_APPICON_NAME = AppIcon;
				CODE_SIGN_STYLE = Automatic;
				DEVELOPMENT_TEAM = X9VVW4ZPQS;
				INFOPLIST_FILE = "Sprint Treads/Info.plist";
				LD_RUNPATH_SEARCH_PATHS = (
					"$(inherited)",
					"@executable_path/Frameworks",
				);
				PRODUCT_BUNDLE_IDENTIFIER = "com.vivekraisprinttreads.vivekrai.Sprint-Treads";
				PRODUCT_NAME = "$(TARGET_NAME)";
				SWIFT_VERSION = 4.2;
				TARGETED_DEVICE_FAMILY = "1,2";
			};
			name = Release;
		};
/* End XCBuildConfiguration section */

/* Begin XCConfigurationList section */
		80CE1035218CD51F00683FF8 /* Build configuration list for PBXProject "Sprint Treads" */ = {
			isa = XCConfigurationList;
			buildConfigurations = (
				80CE104C218CD52300683FF8 /* Debug */,
				80CE104D218CD52300683FF8 /* Release */,
			);
			defaultConfigurationIsVisible = 0;
			defaultConfigurationName = Release;
		};
		80CE104E218CD52300683FF8 /* Build configuration list for PBXNativeTarget "Sprint Treads" */ = {
			isa = XCConfigurationList;
			buildConfigurations = (
				80CE104F218CD52300683FF8 /* Debug */,
				80CE1050218CD52300683FF8 /* Release */,
			);
			defaultConfigurationIsVisible = 0;
			defaultConfigurationName = Release;
		};
/* End XCConfigurationList section */
	};
	rootObject = 80CE1032218CD51F00683FF8 /* Project object */;
}
